
Microsoft Visual Studio Solution File, Format Version 12.00
# Visual Studio Version 17
VisualStudioVersion = 17.11.35219.272
MinimumVisualStudioVersion = 10.0.40219.1
Project("{FAE04EC0-301F-11D3-BF4B-00C04F79EFBC}") = "DevAssignment", "DevAssignment\DevAssignment.csproj", "{13B8466B-EB9E-4AB4-B298-D25481C40C40}"
EndProject
Project("{FAE04EC0-301F-11D3-BF4B-00C04F79EFBC}") = "DevAssignment.Tests", "DevAssignment.Tests\DevAssignment.Tests.csproj", "{C21C4FE3-9997-47A9-932B-A3C66E170F84}"
EndProject
Global
	GlobalSection(SolutionConfigurationPlatforms) = preSolution
		Debug|Any CPU = Debug|Any CPU
		Release|Any CPU = Release|Any CPU
	EndGlobalSection
	GlobalSection(ProjectConfigurationPlatforms) = postSolution
		{13B8466B-EB9E-4AB4-B298-D25481C40C40}.Debug|Any CPU.ActiveCfg = Debug|Any CPU
		{13B8466B-EB9E-4AB4-B298-D25481C40C40}.Debug|Any CPU.Build.0 = Debug|Any CPU
		{13B8466B-EB9E-4AB4-B298-D25481C40C40}.Release|Any CPU.ActiveCfg = Release|Any CPU
		{13B8466B-EB9E-4AB4-B298-D25481C40C40}.Release|Any CPU.Build.0 = Release|Any CPU
		{C21C4FE3-9997-47A9-932B-A3C66E170F84}.Debug|Any CPU.ActiveCfg = Debug|Any CPU
		{C21C4FE3-9997-47A9-932B-A3C66E170F84}.Debug|Any CPU.Build.0 = Debug|Any CPU
		{C21C4FE3-9997-47A9-932B-A3C66E170F84}.Release|Any CPU.ActiveCfg = Release|Any CPU
		{C21C4FE3-9997-47A9-932B-A3C66E170F84}.Release|Any CPU.Build.0 = Release|Any CPU
	EndGlobalSection
	GlobalSection(SolutionProperties) = preSolution
		HideSolutionNode = FALSE
	EndGlobalSection
	GlobalSection(ExtensibilityGlobals) = postSolution
		SolutionGuid = {D625566C-7AE7-400F-A258-C2BFB2ACC3FD}
	EndGlobalSection
EndGlobal
